<?xml version="1.0" encoding="utf-8"?>
<Project ToolsVersion="4.0" xmlns="http://schemas.microsoft.com/developer/msbuild/2003">
  <ItemGroup>
    <Filter Include="Source Files">
      <UniqueIdentifier>{4FC737F1-C7A5-4376-A066-2A32D752A2FF}</UniqueIdentifier>
      <Extensions>cpp;c;cc;cxx;c++;def;odl;idl;hpj;bat;asm;asmx</Extensions>
    </Filter>
    <Filter Include="Header Files">
      <UniqueIdentifier>{93995380-89BD-4b04-88EB-625FBE52EBFB}</UniqueIdentifier>
      <Extensions>h;hh;hpp;hxx;h++;hm;inl;inc;ipp;xsd</Extensions>
    </Filter>
    <Filter Include="Resource Files">
      <UniqueIdentifier>{67DA6AB6-F800-4c08-8B7A-83BB121AAD01}</UniqueIdentifier>
      <Extensions>rc;ico;cur;bmp;dlg;rc2;rct;bin;rgs;gif;jpg;jpeg;jpe;resx;tiff;tif;png;wav;mfcribbon-ms</Extensions>
    </Filter>
    <Filter Include="PCH">
      <UniqueIdentifier>{bf7851a2-f9c5-4413-b95e-658ae5ba5199}</UniqueIdentifier>
    </Filter>
    <Filter Include="Hamiltonian">
      <UniqueIdentifier>{2d4416b4-c64f-497b-8454-1aa37b54e077}</UniqueIdentifier>
    </Filter>
    <Filter Include="Game">
      <UniqueIdentifier>{81ae215b-d7ee-4b2f-823e-1ee335226007}</UniqueIdentifier>
    </Filter>
  </ItemGroup>
  <ItemGroup>
    <ClCompile Include="Main.cpp">
      <Filter>Source Files</Filter>
    </ClCompile>
    <ClCompile Include="stdafx.cpp">
      <Filter>PCH</Filter>
    </ClCompile>
    <ClCompile Include="Hamiltonian\HNode.cpp">
      <Filter>Hamiltonian</Filter>
    </ClCompile>
    <ClCompile Include="Game\Direction.cpp">
      <Filter>Game</Filter>
    </ClCompile>
    <ClCompile Include="Game\FoodGenerator.cpp">
      <Filter>Game</Filter>
    </ClCompile>
    <ClCompile Include="Game\Game.cpp">
      <Filter>Game</Filter>
    </ClCompile>
    <ClCompile Include="Game\Snake.cpp">
      <Filter>Game</Filter>
    </ClCompile>
    <ClCompile Include="Hamiltonian\HamiltonianCycle.cpp">
      <Filter>Hamiltonian</Filter>
    </ClCompile>
    <ClCompile Include="Hamiltonian\HEdge.cpp">
      <Filter>Hamiltonian</Filter>
    </ClCompile>
  </ItemGroup>
  <ItemGroup>
    <ClInclude Include="Utils.h">
      <Filter>Header Files</Filter>
    </ClInclude>
    <ClInclude Include="stdafx.h">
      <Filter>PCH</Filter>
    </ClInclude>
    <ClInclude Include="Hamiltonian\HDirection.h">
      <Filter>Hamiltonian</Filter>
    </ClInclude>
    <ClInclude Include="Hamiltonian\HNode.h">
      <Filter>Hamiltonian</Filter>
    </ClInclude>
    <ClInclude Include="Game\Snake.h">
      <Filter>Game</Filter>
    </ClInclude>
    <ClInclude Include="Game\Game.h">
      <Filter>Game</Filter>
    </ClInclude>
    <ClInclude Include="Game\Direction.h">
      <Filter>Game</Filter>
    </ClInclude>
    <ClInclude Include="Game\FoodGenerator.h">
      <Filter>Game</Filter>
    </ClInclude>
    <ClInclude Include="Hamiltonian\HamiltonianCycle.h">
      <Filter>Hamiltonian</Filter>
    </ClInclude>
    <ClInclude Include="Hamiltonian\HEdge.h">
      <Filter>Hamiltonian</Filter>
    </ClInclude>
  </ItemGroup>
</Project>